# THIS IS AN AUTOGENERATED FILE. DO NOT EDIT THIS FILE DIRECTLY.
# yarn lockfile v1


open-request-js@^1.0.35:
  version "1.0.35"
  resolved "https://registry.yarnpkg.com/open-request-js/-/open-request-js-1.0.35.tgz#3c288c7e6b281d0064cba790dd93571dfc1d9f8f"
  dependencies:
    open-url-js "^1.0.30"
    parameters-js "^1.0.30"
    xmlhttprequest "^1.8.0"

open-url-js@^1.0.30:
  version "1.0.30"
  resolved "https://registry.yarnpkg.com/open-url-js/-/open-url-js-1.0.30.tgz#2a7a3bab2bb328f17fd4b0be4d4926124e4f1b9c"
  dependencies:
    parameters-js "^1.0.30"
    pathname-js "^1.0.12"

parameters-js@^1.0.30:
  version "1.0.33"
  resolved "https://registry.yarnpkg.com/parameters-js/-/parameters-js-1.0.33.tgz#5dfdbd8c1c7be504403b4cfe9982b1462d37198f"

pathname-js@^1.0.12:
  version "1.0.12"
  resolved "https://registry.yarnpkg.com/pathname-js/-/pathname-js-1.0.12.tgz#8539a3ed762c34bb4f9af9d7fad45bbdc71be80e"

three@^0.137.0:
  version "0.137.0"
  resolved "https://registry.yarnpkg.com/three/-/three-0.137.0.tgz#0ebd6ba66637a332c31f234bcdd35aeec071a6e3"

xmlhttprequest@^1.8.0:
  version "1.8.0"
  resolved "https://registry.yarnpkg.com/xmlhttprequest/-/xmlhttprequest-1.8.0.tgz#67fe075c5c24fef39f9d65f5f7b7fe75171968fc"
